{
  "lockfileVersion": 1,
  "workspaces": {
    "": {
      "name": "grafana-dashboard-helpers",
      "dependencies": {
        "@grafana/grafana-foundation-sdk": "^11.1.0-cogv0.0.x.1746458718",
        "@grafana/promql-builder": "^0.0.4",
        "yaml": "^2.8.0",
      },
      "devDependencies": {
        "@types/node": "^22.15.21",
        "prettier": "^3.5.3",
      },
    },
  },
  "packages": {
    "@grafana/grafana-foundation-sdk": ["@grafana/grafana-foundation-sdk@11.1.0-cogv0.0.x.1746458718", "", { "dependencies": { "tslib": "^2.6.2" } }, "sha512-cPP5li3vKoQ8ueQM2b9y+2DsqjVGqNq9O04+bLL9bhFwDC+6wlXQU2shW7ngfP7hyKW4bs04ldHXNr9qGcZZhg=="],

    "@grafana/promql-builder": ["@grafana/promql-builder@0.0.4", "", {}, "sha512-Ay5miV6fCn+rHWfXRsyFKJJlf6OwfPiZCJpckEnJQuVFF5Hscx8Uo3ow7v4zWNCozK0CndcH/2xDywKDlZjN6w=="],

    "@types/node": ["@types/node@22.15.21", "", { "dependencies": { "undici-types": "~6.21.0" } }, "sha512-EV/37Td6c+MgKAbkcLG6vqZ2zEYHD7bvSrzqqs2RIhbA6w3x+Dqz8MZM3sP6kGTeLrdoOgKZe+Xja7tUB2DNkQ=="],

    "prettier": ["prettier@3.5.3", "", { "bin": { "prettier": "bin/prettier.cjs" } }, "sha512-QQtaxnoDJeAkDvDKWCLiwIXkTgRhwYDEQCghU9Z6q03iyek/rxRh/2lC3HB7P8sWT2xC/y5JDctPLBIGzHKbhw=="],

    "tslib": ["tslib@2.8.1", "", {}, "sha512-oJFu94HQb+KVduSUQL7wnpmqnfmLsOA/nAh6b6EH0wCEoK0/mPeXU6c3wKDV83MkOuHPRHtSXKKU99IBazS/2w=="],

    "undici-types": ["undici-types@6.21.0", "", {}, "sha512-iwDZqg0QAGrg9Rav5H4n0M64c3mkR59cJ6wQp+7C4nI0gsmExaedaYLNO44eT4AtBBwjbTiGPMlt2Md0T9H9JQ=="],

    "yaml": ["yaml@2.8.0", "", { "bin": { "yaml": "bin.mjs" } }, "sha512-4lLa/EcQCB0cJkyts+FpIRx5G/llPxfP6VQU5KByHEhLxY3IJCH0f0Hy1MHI8sClTvsIb8qwRJ6R/ZdlDJ/leQ=="],
  }
}
