{
  "lockfileVersion": 1,
  "workspaces": {
    "": {
      "name": "grafana-dashboard-helpers",
      "dependencies": {
        "@grafana/grafana-foundation-sdk": "^11.1.0-cogv0.0.x.1746458718",
        "@grafana/schema": "11.5.0",
        "yaml": "^2.7.1",
      },
      "devDependencies": {
        "@types/node": "^22.15.18",
        "prettier": "^3.5.3",
      },
    },
  },
  "packages": {
    "@grafana/grafana-foundation-sdk": ["@grafana/grafana-foundation-sdk@11.1.0-cogv0.0.x.1746458718", "", { "dependencies": { "tslib": "^2.6.2" } }, "sha512-cPP5li3vKoQ8ueQM2b9y+2DsqjVGqNq9O04+bLL9bhFwDC+6wlXQU2shW7ngfP7hyKW4bs04ldHXNr9qGcZZhg=="],

    "@grafana/schema": ["@grafana/schema@11.5.0", "", { "dependencies": { "tslib": "2.8.1" } }, "sha512-LLyrZeTEDvggzgG+4aKELRE3fY/GVOaU+L9qnBU1jlqZTKo3KTJ5fpUswRz2D7Gxt9b6viPIXJspMtLT5yr3bA=="],

    "@types/node": ["@types/node@22.15.18", "", { "dependencies": { "undici-types": "~6.21.0" } }, "sha512-v1DKRfUdyW+jJhZNEI1PYy29S2YRxMV5AOO/x/SjKmW0acCIOqmbj6Haf9eHAhsPmrhlHSxEhv/1WszcLWV4cg=="],

    "prettier": ["prettier@3.5.3", "", { "bin": { "prettier": "bin/prettier.cjs" } }, "sha512-QQtaxnoDJeAkDvDKWCLiwIXkTgRhwYDEQCghU9Z6q03iyek/rxRh/2lC3HB7P8sWT2xC/y5JDctPLBIGzHKbhw=="],

    "tslib": ["tslib@2.8.1", "", {}, "sha512-oJFu94HQb+KVduSUQL7wnpmqnfmLsOA/nAh6b6EH0wCEoK0/mPeXU6c3wKDV83MkOuHPRHtSXKKU99IBazS/2w=="],

    "undici-types": ["undici-types@6.21.0", "", {}, "sha512-iwDZqg0QAGrg9Rav5H4n0M64c3mkR59cJ6wQp+7C4nI0gsmExaedaYLNO44eT4AtBBwjbTiGPMlt2Md0T9H9JQ=="],

    "yaml": ["yaml@2.7.1", "", { "bin": { "yaml": "bin.mjs" } }, "sha512-10ULxpnOCQXxJvBgxsn9ptjq6uviG/htZKk9veJGhlqn3w/DxQ631zFF+nlQXLwmImeS5amR2dl2U8sg6U9jsQ=="],
  }
}
